{
  "name": "duckdb-stata-do",
  "lockfileVersion": 3,
  "requires": true,
  "packages": {
    "": {
      "dependencies": {
        "@duckdb/node-api": "^1.5.2-r.2",
        "js-yaml": "^4.1.1"
      }
    },
    "node_modules/@duckdb/node-api": {
      "version": "1.5.2-r.2",
      "resolved": "https://registry.npmjs.org/@duckdb/node-api/-/node-api-1.5.2-r.2.tgz",
      "integrity": "sha512-IqFeTarPL9sImt8R6Y/NbNjTR95c7fksk9uFCpFLV0hxbIzbNCCF//xy2BgBqVJtU7/gk2eIpTJTvtE6FS2eog==",
      "license": "MIT",
      "dependencies": {
        "@duckdb/node-bindings": "1.5.2-r.2"
      }
    },
    "node_modules/@duckdb/node-bindings": {
      "version": "1.5.2-r.2",
      "resolved": "https://registry.npmjs.org/@duckdb/node-bindings/-/node-bindings-1.5.2-r.2.tgz",
      "integrity": "sha512-A17A6pXB7SEBAm93POdmEG+f4vQWMSujUP8/hNUfDWjaqp4C5mUWFnyuBM4XiB4qyXXH3vbjis2TYsnxAN2xEQ==",
      "license": "MIT",
      "dependencies": {
        "detect-libc": "^2.1.2"
      },
      "optionalDependencies": {
        "@duckdb/node-bindings-darwin-arm64": "1.5.2-r.2",
        "@duckdb/node-bindings-darwin-x64": "1.5.2-r.2",
        "@duckdb/node-bindings-linux-arm64": "1.5.2-r.2",
        "@duckdb/node-bindings-linux-arm64-musl": "1.5.2-r.2",
        "@duckdb/node-bindings-linux-x64": "1.5.2-r.2",
        "@duckdb/node-bindings-linux-x64-musl": "1.5.2-r.2",
        "@duckdb/node-bindings-win32-arm64": "1.5.2-r.2",
        "@duckdb/node-bindings-win32-x64": "1.5.2-r.2"
      }
    },
    "node_modules/@duckdb/node-bindings-darwin-arm64": {
      "version": "1.5.2-r.2",
      "resolved": "https://registry.npmjs.org/@duckdb/node-bindings-darwin-arm64/-/node-bindings-darwin-arm64-1.5.2-r.2.tgz",
      "integrity": "sha512-wA50u8kQxEXlf2ho1m/n8K4qdIWNNBUZ8xQ02x+9Vc12GAgabSlnXJOaZZFrby5Dj28y+mFBIfAEGftBeQKXaw==",
      "cpu": [
        "arm64"
      ],
      "license": "MIT",
      "optional": true,
      "os": [
        "darwin"
      ]
    },
    "node_modules/@duckdb/node-bindings-darwin-x64": {
      "version": "1.5.2-r.2",
      "resolved": "https://registry.npmjs.org/@duckdb/node-bindings-darwin-x64/-/node-bindings-darwin-x64-1.5.2-r.2.tgz",
      "integrity": "sha512-UJHIhxkHMpdzTnyXVqsGOZotG+TzwAqkX0POM20IkQVtWtFjPS52Kc9Q+qLrS8ZuabmnrFtX9AnlHNyPVqSqMA==",
      "cpu": [
        "x64"
      ],
      "license": "MIT",
      "optional": true,
      "os": [
        "darwin"
      ]
    },
    "node_modules/@duckdb/node-bindings-linux-arm64": {
      "version": "1.5.2-r.2",
      "resolved": "https://registry.npmjs.org/@duckdb/node-bindings-linux-arm64/-/node-bindings-linux-arm64-1.5.2-r.2.tgz",
      "integrity": "sha512-cAEALsSxYRzSfUgxAJCNbDZcmdlVQWvEKldd7r8lYWYZ7D2mxBjeLrF0WoL34vl+ZNEgqHAuqiv3I+wMU2dOXA==",
      "cpu": [
        "arm64"
      ],
      "license": "MIT",
      "optional": true,
      "os": [
        "linux"
      ]
    },
    "node_modules/@duckdb/node-bindings-linux-arm64-musl": {
      "version": "1.5.2-r.2",
      "resolved": "https://registry.npmjs.org/@duckdb/node-bindings-linux-arm64-musl/-/node-bindings-linux-arm64-musl-1.5.2-r.2.tgz",
      "integrity": "sha512-PVC9feqV+bgsnzGfiCv1pe+9mNqoC8k15/3Qmwhp6+AUloTNtk1ln9wlsHMUzhRfNG2wb2fN8P9PJ5zY5t/J/w==",
      "cpu": [
        "arm64"
      ],
      "license": "MIT",
      "optional": true,
      "os": [
        "linux"
      ]
    },
    "node_modules/@duckdb/node-bindings-linux-x64": {
      "version": "1.5.2-r.2",
      "resolved": "https://registry.npmjs.org/@duckdb/node-bindings-linux-x64/-/node-bindings-linux-x64-1.5.2-r.2.tgz",
      "integrity": "sha512-9SgKECgVtkDK6+HLBbDKxW41ORj+BciQjSgERFfhnuPIDYhgx08wTPZcnaU7KxvNdOmndIn5OmjzKZ6Jrvwv0g==",
      "cpu": [
        "x64"
      ],
      "license": "MIT",
      "optional": true,
      "os": [
        "linux"
      ]
    },
    "node_modules/@duckdb/node-bindings-linux-x64-musl": {
      "version": "1.5.2-r.2",
      "resolved": "https://registry.npmjs.org/@duckdb/node-bindings-linux-x64-musl/-/node-bindings-linux-x64-musl-1.5.2-r.2.tgz",
      "integrity": "sha512-v2AUKCIHKq9+zFWmx+UdSWyxFLaT5wsWuTNID30pGBqGvwChxLGmm1szbHNxR7nNa00y2SGp9Gxoky0RS7YCwg==",
      "cpu": [
        "x64"
      ],
      "license": "MIT",
      "optional": true,
      "os": [
        "linux"
      ]
    },
    "node_modules/@duckdb/node-bindings-win32-arm64": {
      "version": "1.5.2-r.2",
      "resolved": "https://registry.npmjs.org/@duckdb/node-bindings-win32-arm64/-/node-bindings-win32-arm64-1.5.2-r.2.tgz",
      "integrity": "sha512-g5ZWK07c0Qh7UFhJC37iC5y8oW8ZqxEgpNM2vTFD3ShM9Rn1NDXkxA7zjcheHRI+My5T1JpE9kNpCvhzItJrgw==",
      "cpu": [
        "arm64"
      ],
      "license": "MIT",
      "optional": true,
      "os": [
        "win32"
      ]
    },
    "node_modules/@duckdb/node-bindings-win32-x64": {
      "version": "1.5.2-r.2",
      "resolved": "https://registry.npmjs.org/@duckdb/node-bindings-win32-x64/-/node-bindings-win32-x64-1.5.2-r.2.tgz",
      "integrity": "sha512-VUMbdeXQHWKHEXVWtfVaOSu7Mb4jR9gT56Yzu9FHyLyP9ogY/D6wpeohY5gAHZS9PHQGGq24qRtCn5g6vUolqA==",
      "cpu": [
        "x64"
      ],
      "license": "MIT",
      "optional": true,
      "os": [
        "win32"
      ]
    },
    "node_modules/argparse": {
      "version": "2.0.1",
      "resolved": "https://registry.npmjs.org/argparse/-/argparse-2.0.1.tgz",
      "integrity": "sha512-8+9WqebbFzpX9OR+Wa6O29asIogeRMzcGtAINdpMHHyAg10f05aSFVBbcEqGf/PXw1EjAZ+q2/bEBg3DvurK3Q==",
      "license": "Python-2.0"
    },
    "node_modules/detect-libc": {
      "version": "2.1.2",
      "resolved": "https://registry.npmjs.org/detect-libc/-/detect-libc-2.1.2.tgz",
      "integrity": "sha512-Btj2BOOO83o3WyH59e8MgXsxEQVcarkUOpEYrubB0urwnN10yQ364rsiByU11nZlqWYZm05i/of7io4mzihBtQ==",
      "license": "Apache-2.0",
      "engines": {
        "node": ">=8"
      }
    },
    "node_modules/js-yaml": {
      "version": "4.1.1",
      "resolved": "https://registry.npmjs.org/js-yaml/-/js-yaml-4.1.1.tgz",
      "integrity": "sha512-qQKT4zQxXl8lLwBtHMWwaTcGfFOZviOJet3Oy/xmGk2gZH677CJM9EvtfdSkgWcATZhj/55JZ0rmy3myCT5lsA==",
      "license": "MIT",
      "dependencies": {
        "argparse": "^2.0.1"
      },
      "bin": {
        "js-yaml": "bin/js-yaml.js"
      }
    }
  }
}
